// !$*UTF8*$!
{
	archiveVersion = 1;
	classes = {
	};
	objectVersion = 46;
	objects = {

/* Begin PBXBuildFile section */
		6686D31739684593ADA2C512 /* libPods-test.a in Frameworks */ = {isa = PBXBuildFile; fileRef = A32D55A04B0145CBA17400E2 /* libPods-test.a */; };
		712C9F961718EDC500B73161 /* DPTextFieldDoneButtonSpecs.m in Sources */ = {isa = PBXBuildFile; fileRef = 712C9F951718EDC500B73161 /* DPTextFieldDoneButtonSpecs.m */; };
		712C9F98171915BF00B73161 /* DPTextFieldDelegateSpecs.m in Sources */ = {isa = PBXBuildFile; fileRef = 712C9F97171915BF00B73161 /* DPTextFieldDelegateSpecs.m */; };
		713D8A0B16FD025C00F568DE /* DPTextField.m in Sources */ = {isa = PBXBuildFile; fileRef = 713D8A0A16FD025C00F568DE /* DPTextField.m */; };
		7167B81016FCF89600A3C2A2 /* UIKit.framework in Frameworks */ = {isa = PBXBuildFile; fileRef = 7167B80F16FCF89600A3C2A2 /* UIKit.framework */; };
		7167B81216FCF89600A3C2A2 /* Foundation.framework in Frameworks */ = {isa = PBXBuildFile; fileRef = 7167B81116FCF89600A3C2A2 /* Foundation.framework */; };
		7167B81416FCF89600A3C2A2 /* CoreGraphics.framework in Frameworks */ = {isa = PBXBuildFile; fileRef = 7167B81316FCF89600A3C2A2 /* CoreGraphics.framework */; };
		7167B81A16FCF89600A3C2A2 /* InfoPlist.strings in Resources */ = {isa = PBXBuildFile; fileRef = 7167B81816FCF89600A3C2A2 /* InfoPlist.strings */; };
		7167B81C16FCF89600A3C2A2 /* main.m in Sources */ = {isa = PBXBuildFile; fileRef = 7167B81B16FCF89600A3C2A2 /* main.m */; };
		7167B82016FCF89600A3C2A2 /* DPAppDelegate.m in Sources */ = {isa = PBXBuildFile; fileRef = 7167B81F16FCF89600A3C2A2 /* DPAppDelegate.m */; };
		7167B82216FCF89600A3C2A2 /* Default.png in Resources */ = {isa = PBXBuildFile; fileRef = 7167B82116FCF89600A3C2A2 /* Default.png */; };
		7167B82416FCF89600A3C2A2 /* Default@2x.png in Resources */ = {isa = PBXBuildFile; fileRef = 7167B82316FCF89600A3C2A2 /* Default@2x.png */; };
		7167B82616FCF89600A3C2A2 /* Default-568h@2x.png in Resources */ = {isa = PBXBuildFile; fileRef = 7167B82516FCF89600A3C2A2 /* Default-568h@2x.png */; };
		7167B82916FCF89600A3C2A2 /* MainStoryboard_iPhone.storyboard in Resources */ = {isa = PBXBuildFile; fileRef = 7167B82716FCF89600A3C2A2 /* MainStoryboard_iPhone.storyboard */; };
		7167B82C16FCF89600A3C2A2 /* MainStoryboard_iPad.storyboard in Resources */ = {isa = PBXBuildFile; fileRef = 7167B82A16FCF89600A3C2A2 /* MainStoryboard_iPad.storyboard */; };
		7167B83716FCF89600A3C2A2 /* SenTestingKit.framework in Frameworks */ = {isa = PBXBuildFile; fileRef = 7167B83616FCF89600A3C2A2 /* SenTestingKit.framework */; };
		7167B83816FCF89600A3C2A2 /* UIKit.framework in Frameworks */ = {isa = PBXBuildFile; fileRef = 7167B80F16FCF89600A3C2A2 /* UIKit.framework */; };
		7167B83916FCF89600A3C2A2 /* Foundation.framework in Frameworks */ = {isa = PBXBuildFile; fileRef = 7167B81116FCF89600A3C2A2 /* Foundation.framework */; };
		7167B84116FCF89600A3C2A2 /* InfoPlist.strings in Resources */ = {isa = PBXBuildFile; fileRef = 7167B83F16FCF89600A3C2A2 /* InfoPlist.strings */; };
		71C8742417188C29002C0B8B /* DPTextFieldPreviousNextButtonSpecs.m in Sources */ = {isa = PBXBuildFile; fileRef = 71C8742317188C29002C0B8B /* DPTextFieldPreviousNextButtonSpecs.m */; };
		71C874261718BDB4002C0B8B /* DPTextFieldToolbarSpecs.m in Sources */ = {isa = PBXBuildFile; fileRef = 71C874251718BDB4002C0B8B /* DPTextFieldToolbarSpecs.m */; };
		71C8ABCA16FD06A00086EF86 /* DPTextFieldSpecs.m in Sources */ = {isa = PBXBuildFile; fileRef = 71C8ABC916FD06A00086EF86 /* DPTextFieldSpecs.m */; };
		71C8ABD516FFDC500086EF86 /* DPViewController.m in Sources */ = {isa = PBXBuildFile; fileRef = 71C8ABD416FFDC500086EF86 /* DPViewController.m */; };
		71E738151719EB6900415F22 /* DPTextFieldAutoFillSpecs.m in Sources */ = {isa = PBXBuildFile; fileRef = 71E738141719EB6900415F22 /* DPTextFieldAutoFillSpecs.m */; };
		71E73818171A105000415F22 /* DPTextFieldAutoFillInputView.m in Sources */ = {isa = PBXBuildFile; fileRef = 71E73817171A105000415F22 /* DPTextFieldAutoFillInputView.m */; };
/* End PBXBuildFile section */

/* Begin PBXContainerItemProxy section */
		7167B83A16FCF89600A3C2A2 /* PBXContainerItemProxy */ = {
			isa = PBXContainerItemProxy;
			containerPortal = 7167B80416FCF89600A3C2A2 /* Project object */;
			proxyType = 1;
			remoteGlobalIDString = 7167B80B16FCF89600A3C2A2;
			remoteInfo = DPTextFieldDemo;
		};
/* End PBXContainerItemProxy section */

/* Begin PBXFileReference section */
		4F7C04364C3A41FEBEB458DC /* Pods-test.xcconfig */ = {isa = PBXFileReference; includeInIndex = 1; lastKnownFileType = text.xcconfig; name = "Pods-test.xcconfig"; path = "Pods/Pods-test.xcconfig"; sourceTree = SOURCE_ROOT; };
		712C9F951718EDC500B73161 /* DPTextFieldDoneButtonSpecs.m */ = {isa = PBXFileReference; fileEncoding = 4; lastKnownFileType = sourcecode.c.objc; path = DPTextFieldDoneButtonSpecs.m; sourceTree = "<group>"; };
		712C9F97171915BF00B73161 /* DPTextFieldDelegateSpecs.m */ = {isa = PBXFileReference; fileEncoding = 4; lastKnownFileType = sourcecode.c.objc; path = DPTextFieldDelegateSpecs.m; sourceTree = "<group>"; };
		713D8A0916FD025C00F568DE /* DPTextField.h */ = {isa = PBXFileReference; fileEncoding = 4; lastKnownFileType = sourcecode.c.h; path = DPTextField.h; sourceTree = "<group>"; };
		713D8A0A16FD025C00F568DE /* DPTextField.m */ = {isa = PBXFileReference; fileEncoding = 4; lastKnownFileType = sourcecode.c.objc; path = DPTextField.m; sourceTree = "<group>"; };
		7167B80C16FCF89600A3C2A2 /* DPTextFieldDemo.app */ = {isa = PBXFileReference; explicitFileType = wrapper.application; includeInIndex = 0; path = DPTextFieldDemo.app; sourceTree = BUILT_PRODUCTS_DIR; };
		7167B80F16FCF89600A3C2A2 /* UIKit.framework */ = {isa = PBXFileReference; lastKnownFileType = wrapper.framework; name = UIKit.framework; path = System/Library/Frameworks/UIKit.framework; sourceTree = SDKROOT; };
		7167B81116FCF89600A3C2A2 /* Foundation.framework */ = {isa = PBXFileReference; lastKnownFileType = wrapper.framework; name = Foundation.framework; path = System/Library/Frameworks/Foundation.framework; sourceTree = SDKROOT; };
		7167B81316FCF89600A3C2A2 /* CoreGraphics.framework */ = {isa = PBXFileReference; lastKnownFileType = wrapper.framework; name = CoreGraphics.framework; path = System/Library/Frameworks/CoreGraphics.framework; sourceTree = SDKROOT; };
		7167B81716FCF89600A3C2A2 /* DPTextFieldDemo-Info.plist */ = {isa = PBXFileReference; lastKnownFileType = text.plist.xml; path = "DPTextFieldDemo-Info.plist"; sourceTree = "<group>"; };
		7167B81916FCF89600A3C2A2 /* en */ = {isa = PBXFileReference; lastKnownFileType = text.plist.strings; name = en; path = en.lproj/InfoPlist.strings; sourceTree = "<group>"; };
		7167B81B16FCF89600A3C2A2 /* main.m */ = {isa = PBXFileReference; lastKnownFileType = sourcecode.c.objc; path = main.m; sourceTree = "<group>"; };
		7167B81D16FCF89600A3C2A2 /* DPTextFieldDemo-Prefix.pch */ = {isa = PBXFileReference; lastKnownFileType = sourcecode.c.h; path = "DPTextFieldDemo-Prefix.pch"; sourceTree = "<group>"; };
		7167B81E16FCF89600A3C2A2 /* DPAppDelegate.h */ = {isa = PBXFileReference; lastKnownFileType = sourcecode.c.h; path = DPAppDelegate.h; sourceTree = "<group>"; };
		7167B81F16FCF89600A3C2A2 /* DPAppDelegate.m */ = {isa = PBXFileReference; lastKnownFileType = sourcecode.c.objc; path = DPAppDelegate.m; sourceTree = "<group>"; };
		7167B82116FCF89600A3C2A2 /* Default.png */ = {isa = PBXFileReference; lastKnownFileType = image.png; path = Default.png; sourceTree = "<group>"; };
		7167B82316FCF89600A3C2A2 /* Default@2x.png */ = {isa = PBXFileReference; lastKnownFileType = image.png; path = "Default@2x.png"; sourceTree = "<group>"; };
		7167B82516FCF89600A3C2A2 /* Default-568h@2x.png */ = {isa = PBXFileReference; lastKnownFileType = image.png; path = "Default-568h@2x.png"; sourceTree = "<group>"; };
		7167B82816FCF89600A3C2A2 /* en */ = {isa = PBXFileReference; lastKnownFileType = file.storyboard; name = en; path = en.lproj/MainStoryboard_iPhone.storyboard; sourceTree = "<group>"; };
		7167B82B16FCF89600A3C2A2 /* en */ = {isa = PBXFileReference; lastKnownFileType = file.storyboard; name = en; path = en.lproj/MainStoryboard_iPad.storyboard; sourceTree = "<group>"; };
		7167B83516FCF89600A3C2A2 /* DPTextFieldDemoTests.octest */ = {isa = PBXFileReference; explicitFileType = wrapper.cfbundle; includeInIndex = 0; path = DPTextFieldDemoTests.octest; sourceTree = BUILT_PRODUCTS_DIR; };
		7167B83616FCF89600A3C2A2 /* SenTestingKit.framework */ = {isa = PBXFileReference; lastKnownFileType = wrapper.framework; name = SenTestingKit.framework; path = Library/Frameworks/SenTestingKit.framework; sourceTree = DEVELOPER_DIR; };
		7167B83E16FCF89600A3C2A2 /* DPTextFieldDemoTests-Info.plist */ = {isa = PBXFileReference; lastKnownFileType = text.plist.xml; path = "DPTextFieldDemoTests-Info.plist"; sourceTree = "<group>"; };
		7167B84016FCF89600A3C2A2 /* en */ = {isa = PBXFileReference; lastKnownFileType = text.plist.strings; name = en; path = en.lproj/InfoPlist.strings; sourceTree = "<group>"; };
		71C8742317188C29002C0B8B /* DPTextFieldPreviousNextButtonSpecs.m */ = {isa = PBXFileReference; fileEncoding = 4; lastKnownFileType = sourcecode.c.objc; path = DPTextFieldPreviousNextButtonSpecs.m; sourceTree = "<group>"; };
		71C874251718BDB4002C0B8B /* DPTextFieldToolbarSpecs.m */ = {isa = PBXFileReference; fileEncoding = 4; lastKnownFileType = sourcecode.c.objc; path = DPTextFieldToolbarSpecs.m; sourceTree = "<group>"; };
		71C8ABC916FD06A00086EF86 /* DPTextFieldSpecs.m */ = {isa = PBXFileReference; fileEncoding = 4; lastKnownFileType = sourcecode.c.objc; path = DPTextFieldSpecs.m; sourceTree = "<group>"; };
		71C8ABD316FFDC500086EF86 /* DPViewController.h */ = {isa = PBXFileReference; fileEncoding = 4; lastKnownFileType = sourcecode.c.h; path = DPViewController.h; sourceTree = "<group>"; };
		71C8ABD416FFDC500086EF86 /* DPViewController.m */ = {isa = PBXFileReference; fileEncoding = 4; lastKnownFileType = sourcecode.c.objc; path = DPViewController.m; sourceTree = "<group>"; };
		71E244A5171795C60083C878 /* README.md */ = {isa = PBXFileReference; lastKnownFileType = text; name = README.md; path = ../README.md; sourceTree = "<group>"; };
		71E738131719E58D00415F22 /* DPTextFieldAutoFillDataSource.h */ = {isa = PBXFileReference; lastKnownFileType = sourcecode.c.h; path = DPTextFieldAutoFillDataSource.h; sourceTree = "<group>"; };
		71E738141719EB6900415F22 /* DPTextFieldAutoFillSpecs.m */ = {isa = PBXFileReference; fileEncoding = 4; lastKnownFileType = sourcecode.c.objc; path = DPTextFieldAutoFillSpecs.m; sourceTree = "<group>"; };
		71E73816171A105000415F22 /* DPTextFieldAutoFillInputView.h */ = {isa = PBXFileReference; fileEncoding = 4; lastKnownFileType = sourcecode.c.h; path = DPTextFieldAutoFillInputView.h; sourceTree = "<group>"; };
		71E73817171A105000415F22 /* DPTextFieldAutoFillInputView.m */ = {isa = PBXFileReference; fileEncoding = 4; lastKnownFileType = sourcecode.c.objc; path = DPTextFieldAutoFillInputView.m; sourceTree = "<group>"; };
		A32D55A04B0145CBA17400E2 /* libPods-test.a */ = {isa = PBXFileReference; explicitFileType = archive.ar; includeInIndex = 0; path = "libPods-test.a"; sourceTree = BUILT_PRODUCTS_DIR; };
/* End PBXFileReference section */

/* Begin PBXFrameworksBuildPhase section */
		7167B80916FCF89600A3C2A2 /* Frameworks */ = {
			isa = PBXFrameworksBuildPhase;
			buildActionMask = 2147483647;
			files = (
				7167B81016FCF89600A3C2A2 /* UIKit.framework in Frameworks */,
				7167B81216FCF89600A3C2A2 /* Foundation.framework in Frameworks */,
				7167B81416FCF89600A3C2A2 /* CoreGraphics.framework in Frameworks */,
			);
			runOnlyForDeploymentPostprocessing = 0;
		};
		7167B83116FCF89600A3C2A2 /* Frameworks */ = {
			isa = PBXFrameworksBuildPhase;
			buildActionMask = 2147483647;
			files = (
				7167B83716FCF89600A3C2A2 /* SenTestingKit.framework in Frameworks */,
				7167B83816FCF89600A3C2A2 /* UIKit.framework in Frameworks */,
				7167B83916FCF89600A3C2A2 /* Foundation.framework in Frameworks */,
				6686D31739684593ADA2C512 /* libPods-test.a in Frameworks */,
			);
			runOnlyForDeploymentPostprocessing = 0;
		};
/* End PBXFrameworksBuildPhase section */

/* Begin PBXGroup section */
		713D8A0816FD025C00F568DE /* DPTextField */ = {
			isa = PBXGroup;
			children = (
				713D8A0916FD025C00F568DE /* DPTextField.h */,
				713D8A0A16FD025C00F568DE /* DPTextField.m */,
				71E738131719E58D00415F22 /* DPTextFieldAutoFillDataSource.h */,
				71E73816171A105000415F22 /* DPTextFieldAutoFillInputView.h */,
				71E73817171A105000415F22 /* DPTextFieldAutoFillInputView.m */,
			);
			name = DPTextField;
			path = ../DPTextField;
			sourceTree = "<group>";
		};
		7167B80316FCF89600A3C2A2 = {
			isa = PBXGroup;
			children = (
				713D8A0816FD025C00F568DE /* DPTextField */,
				7167B81516FCF89600A3C2A2 /* DPTextFieldDemo */,
				7167B83C16FCF89600A3C2A2 /* DPTextFieldDemoTests */,
				7167B80E16FCF89600A3C2A2 /* Frameworks */,
				4F7C04364C3A41FEBEB458DC /* Pods-test.xcconfig */,
				7167B80D16FCF89600A3C2A2 /* Products */,
				71E244A5171795C60083C878 /* README.md */,
			);
			sourceTree = "<group>";
		};
		7167B80D16FCF89600A3C2A2 /* Products */ = {
			isa = PBXGroup;
			children = (
				7167B80C16FCF89600A3C2A2 /* DPTextFieldDemo.app */,
				7167B83516FCF89600A3C2A2 /* DPTextFieldDemoTests.octest */,
			);
			name = Products;
			sourceTree = "<group>";
		};
		7167B80E16FCF89600A3C2A2 /* Frameworks */ = {
			isa = PBXGroup;
			children = (
				7167B81316FCF89600A3C2A2 /* CoreGraphics.framework */,
				7167B81116FCF89600A3C2A2 /* Foundation.framework */,
				A32D55A04B0145CBA17400E2 /* libPods-test.a */,
				7167B83616FCF89600A3C2A2 /* SenTestingKit.framework */,
				7167B80F16FCF89600A3C2A2 /* UIKit.framework */,
			);
			name = Frameworks;
			sourceTree = "<group>";
		};
		7167B81516FCF89600A3C2A2 /* DPTextFieldDemo */ = {
			isa = PBXGroup;
			children = (
				7167B81E16FCF89600A3C2A2 /* DPAppDelegate.h */,
				7167B81F16FCF89600A3C2A2 /* DPAppDelegate.m */,
				71C8ABD316FFDC500086EF86 /* DPViewController.h */,
				71C8ABD416FFDC500086EF86 /* DPViewController.m */,
				7167B82A16FCF89600A3C2A2 /* MainStoryboard_iPad.storyboard */,
				7167B82716FCF89600A3C2A2 /* MainStoryboard_iPhone.storyboard */,
				7167B81616FCF89600A3C2A2 /* Supporting Files */,
			);
			path = DPTextFieldDemo;
			sourceTree = "<group>";
		};
		7167B81616FCF89600A3C2A2 /* Supporting Files */ = {
			isa = PBXGroup;
			children = (
				7167B81716FCF89600A3C2A2 /* DPTextFieldDemo-Info.plist */,
				7167B81816FCF89600A3C2A2 /* InfoPlist.strings */,
				7167B81B16FCF89600A3C2A2 /* main.m */,
				7167B81D16FCF89600A3C2A2 /* DPTextFieldDemo-Prefix.pch */,
				7167B82116FCF89600A3C2A2 /* Default.png */,
				7167B82316FCF89600A3C2A2 /* Default@2x.png */,
				7167B82516FCF89600A3C2A2 /* Default-568h@2x.png */,
			);
			name = "Supporting Files";
			sourceTree = "<group>";
		};
		7167B83C16FCF89600A3C2A2 /* DPTextFieldDemoTests */ = {
			isa = PBXGroup;
			children = (
				71E738141719EB6900415F22 /* DPTextFieldAutoFillSpecs.m */,
				712C9F97171915BF00B73161 /* DPTextFieldDelegateSpecs.m */,
				712C9F951718EDC500B73161 /* DPTextFieldDoneButtonSpecs.m */,
				71C8742317188C29002C0B8B /* DPTextFieldPreviousNextButtonSpecs.m */,
				71C8ABC916FD06A00086EF86 /* DPTextFieldSpecs.m */,
				71C874251718BDB4002C0B8B /* DPTextFieldToolbarSpecs.m */,
				7167B83D16FCF89600A3C2A2 /* Supporting Files */,
			);
			path = DPTextFieldDemoTests;
			sourceTree = "<group>";
		};
		7167B83D16FCF89600A3C2A2 /* Supporting Files */ = {
			isa = PBXGroup;
			children = (
				7167B83E16FCF89600A3C2A2 /* DPTextFieldDemoTests-Info.plist */,
				7167B83F16FCF89600A3C2A2 /* InfoPlist.strings */,
			);
			name = "Supporting Files";
			sourceTree = "<group>";
		};
/* End PBXGroup section */

/* Begin PBXNativeTarget section */
		7167B80B16FCF89600A3C2A2 /* DPTextFieldDemo */ = {
			isa = PBXNativeTarget;
			buildConfigurationList = 7167B84716FCF89600A3C2A2 /* Build configuration list for PBXNativeTarget "DPTextFieldDemo" */;
			buildPhases = (
				7167B80816FCF89600A3C2A2 /* Sources */,
				7167B80916FCF89600A3C2A2 /* Frameworks */,
				7167B80A16FCF89600A3C2A2 /* Resources */,
			);
			buildRules = (
			);
			dependencies = (
			);
			name = DPTextFieldDemo;
			productName = DPTextFieldDemo;
			productReference = 7167B80C16FCF89600A3C2A2 /* DPTextFieldDemo.app */;
			productType = "com.apple.product-type.application";
		};
		7167B83416FCF89600A3C2A2 /* DPTextFieldDemoTests */ = {
			isa = PBXNativeTarget;
			buildConfigurationList = 7167B84A16FCF89600A3C2A2 /* Build configuration list for PBXNativeTarget "DPTextFieldDemoTests" */;
			buildPhases = (
				7167B83016FCF89600A3C2A2 /* Sources */,
				7167B83116FCF89600A3C2A2 /* Frameworks */,
				7167B83216FCF89600A3C2A2 /* Resources */,
				7167B83316FCF89600A3C2A2 /* ShellScript */,
				C3DE17A5F3D24320827EB2D4 /* Copy Pods Resources */,
			);
			buildRules = (
			);
			dependencies = (
				7167B83B16FCF89600A3C2A2 /* PBXTargetDependency */,
			);
			name = DPTextFieldDemoTests;
			productName = DPTextFieldDemoTests;
			productReference = 7167B83516FCF89600A3C2A2 /* DPTextFieldDemoTests.octest */;
			productType = "com.apple.product-type.bundle";
		};
/* End PBXNativeTarget section */

/* Begin PBXProject section */
		7167B80416FCF89600A3C2A2 /* Project object */ = {
			isa = PBXProject;
			attributes = {
				CLASSPREFIX = DP;
				LastUpgradeCheck = 0460;
				ORGANIZATIONNAME = "DuneParkSoftware, LLC";
			};
			buildConfigurationList = 7167B80716FCF89600A3C2A2 /* Build configuration list for PBXProject "DPTextFieldDemo" */;
			compatibilityVersion = "Xcode 3.2";
			developmentRegion = English;
			hasScannedForEncodings = 0;
			knownRegions = (
				en,
			);
			mainGroup = 7167B80316FCF89600A3C2A2;
			productRefGroup = 7167B80D16FCF89600A3C2A2 /* Products */;
			projectDirPath = "";
			projectRoot = "";
			targets = (
				7167B80B16FCF89600A3C2A2 /* DPTextFieldDemo */,
				7167B83416FCF89600A3C2A2 /* DPTextFieldDemoTests */,
			);
		};
/* End PBXProject section */

/* Begin PBXResourcesBuildPhase section */
		7167B80A16FCF89600A3C2A2 /* Resources */ = {
			isa = PBXResourcesBuildPhase;
			buildActionMask = 2147483647;
			files = (
				7167B81A16FCF89600A3C2A2 /* InfoPlist.strings in Resources */,
				7167B82216FCF89600A3C2A2 /* Default.png in Resources */,
				7167B82416FCF89600A3C2A2 /* Default@2x.png in Resources */,
				7167B82616FCF89600A3C2A2 /* Default-568h@2x.png in Resources */,
				7167B82916FCF89600A3C2A2 /* MainStoryboard_iPhone.storyboard in Resources */,
				7167B82C16FCF89600A3C2A2 /* MainStoryboard_iPad.storyboard in Resources */,
			);
			runOnlyForDeploymentPostprocessing = 0;
		};
		7167B83216FCF89600A3C2A2 /* Resources */ = {
			isa = PBXResourcesBuildPhase;
			buildActionMask = 2147483647;
			files = (
				7167B84116FCF89600A3C2A2 /* InfoPlist.strings in Resources */,
			);
			runOnlyForDeploymentPostprocessing = 0;
		};
/* End PBXResourcesBuildPhase section */

/* Begin PBXShellScriptBuildPhase section */
		7167B83316FCF89600A3C2A2 /* ShellScript */ = {
			isa = PBXShellScriptBuildPhase;
			buildActionMask = 2147483647;
			files = (
			);
			inputPaths = (
			);
			outputPaths = (
			);
			runOnlyForDeploymentPostprocessing = 0;
			shellPath = /bin/sh;
			shellScript = "# Run the unit tests in this test bundle.\n\"${SYSTEM_DEVELOPER_DIR}/Tools/RunUnitTests\"\n";
		};
		C3DE17A5F3D24320827EB2D4 /* Copy Pods Resources */ = {
			isa = PBXShellScriptBuildPhase;
			buildActionMask = 2147483647;
			files = (
			);
			inputPaths = (
			);
			name = "Copy Pods Resources";
			outputPaths = (
			);
			runOnlyForDeploymentPostprocessing = 0;
			shellPath = /bin/sh;
			shellScript = "\"${SRCROOT}/Pods/Pods-test-resources.sh\"\n";
		};
/* End PBXShellScriptBuildPhase section */

/* Begin PBXSourcesBuildPhase section */
		7167B80816FCF89600A3C2A2 /* Sources */ = {
			isa = PBXSourcesBuildPhase;
			buildActionMask = 2147483647;
			files = (
				7167B81C16FCF89600A3C2A2 /* main.m in Sources */,
				7167B82016FCF89600A3C2A2 /* DPAppDelegate.m in Sources */,
				713D8A0B16FD025C00F568DE /* DPTextField.m in Sources */,
				71C8ABD516FFDC500086EF86 /* DPViewController.m in Sources */,
				71E73818171A105000415F22 /* DPTextFieldAutoFillInputView.m in Sources */,
			);
			runOnlyForDeploymentPostprocessing = 0;
		};
		7167B83016FCF89600A3C2A2 /* Sources */ = {
			isa = PBXSourcesBuildPhase;
			buildActionMask = 2147483647;
			files = (
				71C8ABCA16FD06A00086EF86 /* DPTextFieldSpecs.m in Sources */,
				71C8742417188C29002C0B8B /* DPTextFieldPreviousNextButtonSpecs.m in Sources */,
				71C874261718BDB4002C0B8B /* DPTextFieldToolbarSpecs.m in Sources */,
				712C9F961718EDC500B73161 /* DPTextFieldDoneButtonSpecs.m in Sources */,
				712C9F98171915BF00B73161 /* DPTextFieldDelegateSpecs.m in Sources */,
				71E738151719EB6900415F22 /* DPTextFieldAutoFillSpecs.m in Sources */,
			);
			runOnlyForDeploymentPostprocessing = 0;
		};
/* End PBXSourcesBuildPhase section */

/* Begin PBXTargetDependency section */
		7167B83B16FCF89600A3C2A2 /* PBXTargetDependency */ = {
			isa = PBXTargetDependency;
			target = 7167B80B16FCF89600A3C2A2 /* DPTextFieldDemo */;
			targetProxy = 7167B83A16FCF89600A3C2A2 /* PBXContainerItemProxy */;
		};
/* End PBXTargetDependency section */

/* Begin PBXVariantGroup section */
		7167B81816FCF89600A3C2A2 /* InfoPlist.strings */ = {
			isa = PBXVariantGroup;
			children = (
				7167B81916FCF89600A3C2A2 /* en */,
			);
			name = InfoPlist.strings;
			sourceTree = "<group>";
		};
		7167B82716FCF89600A3C2A2 /* MainStoryboard_iPhone.storyboard */ = {
			isa = PBXVariantGroup;
			children = (
				7167B82816FCF89600A3C2A2 /* en */,
			);
			name = MainStoryboard_iPhone.storyboard;
			sourceTree = "<group>";
		};
		7167B82A16FCF89600A3C2A2 /* MainStoryboard_iPad.storyboard */ = {
			isa = PBXVariantGroup;
			children = (
				7167B82B16FCF89600A3C2A2 /* en */,
			);
			name = MainStoryboard_iPad.storyboard;
			sourceTree = "<group>";
		};
		7167B83F16FCF89600A3C2A2 /* InfoPlist.strings */ = {
			isa = PBXVariantGroup;
			children = (
				7167B84016FCF89600A3C2A2 /* en */,
			);
			name = InfoPlist.strings;
			sourceTree = "<group>";
		};
/* End PBXVariantGroup section */

/* Begin XCBuildConfiguration section */
		7167B84516FCF89600A3C2A2 /* Debug */ = {
			isa = XCBuildConfiguration;
			buildSettings = {
				ALWAYS_SEARCH_USER_PATHS = NO;
				CLANG_CXX_LANGUAGE_STANDARD = "gnu++0x";
				CLANG_CXX_LIBRARY = "libc++";
				CLANG_ENABLE_OBJC_ARC = YES;
				CLANG_WARN_CONSTANT_CONVERSION = YES;
				CLANG_WARN_EMPTY_BODY = YES;
				CLANG_WARN_ENUM_CONVERSION = YES;
				CLANG_WARN_INT_CONVERSION = YES;
				CLANG_WARN__DUPLICATE_METHOD_MATCH = YES;
				"CODE_SIGN_IDENTITY[sdk=iphoneos*]" = "iPhone Developer";
				COPY_PHASE_STRIP = NO;
				CURRENT_PROJECT_VERSION = 0;
				GCC_C_LANGUAGE_STANDARD = gnu99;
				GCC_DYNAMIC_NO_PIC = NO;
				GCC_OPTIMIZATION_LEVEL = 0;
				GCC_PREPROCESSOR_DEFINITIONS = (
					"DEBUG=1",
					"$(inherited)",
				);
				GCC_SYMBOLS_PRIVATE_EXTERN = NO;
				GCC_WARN_ABOUT_RETURN_TYPE = YES;
				GCC_WARN_UNINITIALIZED_AUTOS = YES;
				GCC_WARN_UNUSED_VARIABLE = YES;
				IPHONEOS_DEPLOYMENT_TARGET = 6.0;
				ONLY_ACTIVE_ARCH = YES;
				SDKROOT = iphoneos;
				TARGETED_DEVICE_FAMILY = "1,2";
				VERSIONING_SYSTEM = "apple-generic";
			};
			name = Debug;
		};
		7167B84616FCF89600A3C2A2 /* Release */ = {
			isa = XCBuildConfiguration;
			buildSettings = {
				ALWAYS_SEARCH_USER_PATHS = NO;
				CLANG_CXX_LANGUAGE_STANDARD = "gnu++0x";
				CLANG_CXX_LIBRARY = "libc++";
				CLANG_ENABLE_OBJC_ARC = YES;
				CLANG_WARN_CONSTANT_CONVERSION = YES;
				CLANG_WARN_EMPTY_BODY = YES;
				CLANG_WARN_ENUM_CONVERSION = YES;
				CLANG_WARN_INT_CONVERSION = YES;
				CLANG_WARN__DUPLICATE_METHOD_MATCH = YES;
				"CODE_SIGN_IDENTITY[sdk=iphoneos*]" = "iPhone Developer";
				COPY_PHASE_STRIP = YES;
				CURRENT_PROJECT_VERSION = 0;
				GCC_C_LANGUAGE_STANDARD = gnu99;
				GCC_WARN_ABOUT_RETURN_TYPE = YES;
				GCC_WARN_UNINITIALIZED_AUTOS = YES;
				GCC_WARN_UNUSED_VARIABLE = YES;
				IPHONEOS_DEPLOYMENT_TARGET = 6.0;
				OTHER_CFLAGS = "-DNS_BLOCK_ASSERTIONS=1";
				SDKROOT = iphoneos;
				TARGETED_DEVICE_FAMILY = "1,2";
				VALIDATE_PRODUCT = YES;
				VERSIONING_SYSTEM = "apple-generic";
			};
			name = Release;
		};
		7167B84816FCF89600A3C2A2 /* Debug */ = {
			isa = XCBuildConfiguration;
			buildSettings = {
				GCC_PRECOMPILE_PREFIX_HEADER = YES;
				GCC_PREFIX_HEADER = "DPTextFieldDemo/DPTextFieldDemo-Prefix.pch";
				INFOPLIST_FILE = "DPTextFieldDemo/DPTextFieldDemo-Info.plist";
				PRODUCT_NAME = "$(TARGET_NAME)";
				WRAPPER_EXTENSION = app;
			};
			name = Debug;
		};
		7167B84916FCF89600A3C2A2 /* Release */ = {
			isa = XCBuildConfiguration;
			buildSettings = {
				GCC_PRECOMPILE_PREFIX_HEADER = YES;
				GCC_PREFIX_HEADER = "DPTextFieldDemo/DPTextFieldDemo-Prefix.pch";
				INFOPLIST_FILE = "DPTextFieldDemo/DPTextFieldDemo-Info.plist";
				PRODUCT_NAME = "$(TARGET_NAME)";
				WRAPPER_EXTENSION = app;
			};
			name = Release;
		};
		7167B84B16FCF89600A3C2A2 /* Debug */ = {
			isa = XCBuildConfiguration;
			baseConfigurationReference = 4F7C04364C3A41FEBEB458DC /* Pods-test.xcconfig */;
			buildSettings = {
				BUNDLE_LOADER = "$(BUILT_PRODUCTS_DIR)/DPTextFieldDemo.app/DPTextFieldDemo";
				FRAMEWORK_SEARCH_PATHS = "$(inherited)";
				GCC_PRECOMPILE_PREFIX_HEADER = YES;
				GCC_PREFIX_HEADER = "DPTextFieldDemo/DPTextFieldDemo-Prefix.pch";
				INFOPLIST_FILE = "DPTextFieldDemoTests/DPTextFieldDemoTests-Info.plist";
				PRODUCT_NAME = "$(TARGET_NAME)";
				TEST_HOST = "$(BUNDLE_LOADER)";
				WRAPPER_EXTENSION = octest;
			};
			name = Debug;
		};
		7167B84C16FCF89600A3C2A2 /* Release */ = {
			isa = XCBuildConfiguration;
			baseConfigurationReference = 4F7C04364C3A41FEBEB458DC /* Pods-test.xcconfig */;
			buildSettings = {
				BUNDLE_LOADER = "$(BUILT_PRODUCTS_DIR)/DPTextFieldDemo.app/DPTextFieldDemo";
				FRAMEWORK_SEARCH_PATHS = "$(inherited)";
				GCC_PRECOMPILE_PREFIX_HEADER = YES;
				GCC_PREFIX_HEADER = "DPTextFieldDemo/DPTextFieldDemo-Prefix.pch";
				INFOPLIST_FILE = "DPTextFieldDemoTests/DPTextFieldDemoTests-Info.plist";
				PRODUCT_NAME = "$(TARGET_NAME)";
				TEST_HOST = "$(BUNDLE_LOADER)";
				WRAPPER_EXTENSION = octest;
			};
			name = Release;
		};
/* End XCBuildConfiguration section */

/* Begin XCConfigurationList section */
		7167B80716FCF89600A3C2A2 /* Build configuration list for PBXProject "DPTextFieldDemo" */ = {
			isa = XCConfigurationList;
			buildConfigurations = (
				7167B84516FCF89600A3C2A2 /* Debug */,
				7167B84616FCF89600A3C2A2 /* Release */,
			);
			defaultConfigurationIsVisible = 0;
			defaultConfigurationName = Release;
		};
		7167B84716FCF89600A3C2A2 /* Build configuration list for PBXNativeTarget "DPTextFieldDemo" */ = {
			isa = XCConfigurationList;
			buildConfigurations = (
				7167B84816FCF89600A3C2A2 /* Debug */,
				7167B84916FCF89600A3C2A2 /* Release */,
			);
			defaultConfigurationIsVisible = 0;
			defaultConfigurationName = Release;
		};
		7167B84A16FCF89600A3C2A2 /* Build configuration list for PBXNativeTarget "DPTextFieldDemoTests" */ = {
			isa = XCConfigurationList;
			buildConfigurations = (
				7167B84B16FCF89600A3C2A2 /* Debug */,
				7167B84C16FCF89600A3C2A2 /* Release */,
			);
			defaultConfigurationIsVisible = 0;
			defaultConfigurationName = Release;
		};
/* End XCConfigurationList section */
	};
	rootObject = 7167B80416FCF89600A3C2A2 /* Project object */;
}
